// !$*UTF8*$!
{
	archiveVersion = 1;
	classes = {
	};
	objectVersion = 77;
	objects = {

/* Begin PBXBuildFile section */
		00000000000000000000001E /* ReunionActivity.appex in Embed App Extensions */ = {isa = PBXBuildFile; fileRef = 00000000000000000000000B /* ReunionActivity.appex */; settings = {ATTRIBUTES = (RemoveHeadersOnCopy, ); }; };
		00000000000000000000001F /* GoogleMaps in Frameworks */ = {isa = PBXBuildFile; productRef = 000000000000000000000020 /* GoogleMaps */; };
/* End PBXBuildFile section */

/* Begin PBXContainerItemProxy section */
		000000000000000000000028 /* PBXContainerItemProxy */ = {
			isa = PBXContainerItemProxy;
			containerPortal = 000000000000000000000064 /* Project object */;
			proxyType = 1;
			remoteGlobalIDString = 000000000000000000000033;
			remoteInfo = ReunionActivity;
		};
		00000000000000000000002A /* PBXContainerItemProxy */ = {
			isa = PBXContainerItemProxy;
			containerPortal = 000000000000000000000064 /* Project object */;
			proxyType = 1;
			remoteGlobalIDString = 000000000000000000000032;
			remoteInfo = Reunion;
		};
/* End PBXContainerItemProxy section */

/* Begin PBXCopyFilesBuildPhase section */
		00000000000000000000001D /* Embed App Extensions */ = {
			isa = PBXCopyFilesBuildPhase;
			buildActionMask = 2147483647;
			dstPath = "";
			dstSubfolderSpec = 13;
			files = (
				00000000000000000000001E /* ReunionActivity.appex in Embed App Extensions */,
			);
			name = "Embed App Extensions";
			runOnlyForDeploymentPostprocessing = 0;
		};
/* End PBXCopyFilesBuildPhase section */

/* Begin PBXFileReference section */
		000000000000000000000008 /* Base.xcconfig */ = {isa = PBXFileReference; lastKnownFileType = text.xcconfig; path = Base.xcconfig; sourceTree = "<group>"; };
		00000000000000000000000A /* Reunion.app */ = {isa = PBXFileReference; explicitFileType = wrapper.application; path = Reunion.app; sourceTree = BUILT_PRODUCTS_DIR; };
		00000000000000000000000B /* ReunionActivity.appex */ = {isa = PBXFileReference; explicitFileType = "wrapper.app-extension"; path = ReunionActivity.appex; sourceTree = BUILT_PRODUCTS_DIR; };
		00000000000000000000000C /* ReunionUITests.xctest */ = {isa = PBXFileReference; explicitFileType = wrapper.cfbundle; path = ReunionUITests.xctest; sourceTree = BUILT_PRODUCTS_DIR; };
/* End PBXFileReference section */

/* Begin PBXFileSystemSynchronizedRootGroup section */
		000000000000000000000002 /* Reunion */ = {
			isa = PBXFileSystemSynchronizedRootGroup;
			path = Reunion;
			sourceTree = "<group>";
		};
		000000000000000000000003 /* Shared */ = {
			isa = PBXFileSystemSynchronizedRootGroup;
			path = Shared;
			sourceTree = "<group>";
		};
		000000000000000000000004 /* ReunionActivity */ = {
			isa = PBXFileSystemSynchronizedRootGroup;
			path = ReunionActivity;
			sourceTree = "<group>";
		};
		000000000000000000000005 /* UITests */ = {
			isa = PBXFileSystemSynchronizedRootGroup;
			path = UITests;
			sourceTree = "<group>";
		};
/* End PBXFileSystemSynchronizedRootGroup section */

/* Begin PBXFrameworksBuildPhase section */
		00000000000000000000001A /* Frameworks */ = {
			isa = PBXFrameworksBuildPhase;
			buildActionMask = 2147483647;
			files = (
				00000000000000000000001F /* GoogleMaps in Frameworks */,
			);
			runOnlyForDeploymentPostprocessing = 0;
		};
		00000000000000000000001B /* Frameworks */ = {
			isa = PBXFrameworksBuildPhase;
			buildActionMask = 2147483647;
			files = (
			);
			runOnlyForDeploymentPostprocessing = 0;
		};
		00000000000000000000001C /* Frameworks */ = {
			isa = PBXFrameworksBuildPhase;
			buildActionMask = 2147483647;
			files = (
			);
			runOnlyForDeploymentPostprocessing = 0;
		};
/* End PBXFrameworksBuildPhase section */

/* Begin PBXGroup section */
		000000000000000000000001 = {
			isa = PBXGroup;
			children = (
				000000000000000000000002 /* Reunion */,
				000000000000000000000003 /* Shared */,
				000000000000000000000004 /* ReunionActivity */,
				000000000000000000000005 /* UITests */,
				000000000000000000000006 /* Products */,
				000000000000000000000007 /* Config */,
			);
			sourceTree = "<group>";
		};
		000000000000000000000006 /* Products */ = {
			isa = PBXGroup;
			children = (
				00000000000000000000000A /* Reunion.app */,
				00000000000000000000000B /* ReunionActivity.appex */,
				00000000000000000000000C /* ReunionUITests.xctest */,
			);
			name = Products;
			sourceTree = "<group>";
		};
		000000000000000000000007 /* Config */ = {
			isa = PBXGroup;
			children = (
				000000000000000000000008 /* Base.xcconfig */,
			);
			path = Config;
			sourceTree = "<group>";
		};
/* End PBXGroup section */

/* Begin PBXNativeTarget section */
		000000000000000000000032 /* Reunion */ = {
			isa = PBXNativeTarget;
			buildConfigurationList = 00000000000000000000003C /* Build configuration list for PBXNativeTarget "Reunion" */;
			buildPhases = (
				000000000000000000000014 /* Sources */,
				00000000000000000000001A /* Frameworks */,
				000000000000000000000017 /* Resources */,
				00000000000000000000001D /* Embed App Extensions */,
			);
			buildRules = (
			);
			dependencies = (
				000000000000000000000029 /* PBXTargetDependency */,
			);
			fileSystemSynchronizedGroups = (
				000000000000000000000002 /* Reunion */,
				000000000000000000000003 /* Shared */,
			);
			name = Reunion;
			packageProductDependencies = (
				000000000000000000000020 /* GoogleMaps */,
			);
			productName = Reunion;
			productReference = 00000000000000000000000A /* Reunion.app */;
			productType = "com.apple.product-type.application";
		};
		000000000000000000000033 /* ReunionActivity */ = {
			isa = PBXNativeTarget;
			buildConfigurationList = 00000000000000000000003D /* Build configuration list for PBXNativeTarget "ReunionActivity" */;
			buildPhases = (
				000000000000000000000015 /* Sources */,
				00000000000000000000001B /* Frameworks */,
				000000000000000000000018 /* Resources */,
			);
			buildRules = (
			);
			dependencies = (
			);
			fileSystemSynchronizedGroups = (
				000000000000000000000003 /* Shared */,
				000000000000000000000004 /* ReunionActivity */,
			);
			name = ReunionActivity;
			packageProductDependencies = (
			);
			productName = ReunionActivity;
			productReference = 00000000000000000000000B /* ReunionActivity.appex */;
			productType = "com.apple.product-type.app-extension";
		};
		000000000000000000000034 /* ReunionUITests */ = {
			isa = PBXNativeTarget;
			buildConfigurationList = 00000000000000000000003E /* Build configuration list for PBXNativeTarget "ReunionUITests" */;
			buildPhases = (
				000000000000000000000016 /* Sources */,
				00000000000000000000001C /* Frameworks */,
				000000000000000000000019 /* Resources */,
			);
			buildRules = (
			);
			dependencies = (
				00000000000000000000002B /* PBXTargetDependency */,
			);
			fileSystemSynchronizedGroups = (
				000000000000000000000005 /* UITests */,
			);
			name = ReunionUITests;
			packageProductDependencies = (
			);
			productName = ReunionUITests;
			productReference = 00000000000000000000000C /* ReunionUITests.xctest */;
			productType = "com.apple.product-type.bundle.ui-testing";
		};
/* End PBXNativeTarget section */

/* Begin PBXProject section */
		000000000000000000000064 /* Project object */ = {
			isa = PBXProject;
			attributes = {
				BuildIndependentTargetsInParallel = YES;
				LastSwiftUpdateCheck = 2630;
				LastUpgradeCheck = 2630;
				TargetAttributes = {
					000000000000000000000032 = {
						CreatedOnToolsVersion = 26.3;
						SystemCapabilities = {
							com.apple.Push = {
								enabled = 1;
							};
						};
					};
					000000000000000000000033 = {
						CreatedOnToolsVersion = 26.3;
					};
					000000000000000000000034 = {
						CreatedOnToolsVersion = 26.3;
						TestTargetID = 000000000000000000000032;
					};
				};
			};
			buildConfigurationList = 00000000000000000000003F /* Build configuration list for PBXProject "Reunion" */;
			developmentRegion = ko;
			hasScannedForEncodings = 0;
			knownRegions = (
				ko,
				en,
				Base,
			);
			mainGroup = 000000000000000000000001;
			packageReferences = (
				000000000000000000000021 /* XCRemoteSwiftPackageReference "ios-maps-sdk" */,
			);
			preferredProjectObjectVersion = 77;
			productRefGroup = 000000000000000000000006 /* Products */;
			projectDirPath = "";
			projectRoot = "";
			targets = (
				000000000000000000000032 /* Reunion */,
				000000000000000000000033 /* ReunionActivity */,
				000000000000000000000034 /* ReunionUITests */,
			);
		};
/* End PBXProject section */

/* Begin PBXResourcesBuildPhase section */
		000000000000000000000017 /* Resources */ = {
			isa = PBXResourcesBuildPhase;
			buildActionMask = 2147483647;
			files = (
			);
			runOnlyForDeploymentPostprocessing = 0;
		};
		000000000000000000000018 /* Resources */ = {
			isa = PBXResourcesBuildPhase;
			buildActionMask = 2147483647;
			files = (
			);
			runOnlyForDeploymentPostprocessing = 0;
		};
		000000000000000000000019 /* Resources */ = {
			isa = PBXResourcesBuildPhase;
			buildActionMask = 2147483647;
			files = (
			);
			runOnlyForDeploymentPostprocessing = 0;
		};
/* End PBXResourcesBuildPhase section */

/* Begin PBXSourcesBuildPhase section */
		000000000000000000000014 /* Sources */ = {
			isa = PBXSourcesBuildPhase;
			buildActionMask = 2147483647;
			files = (
			);
			runOnlyForDeploymentPostprocessing = 0;
		};
		000000000000000000000015 /* Sources */ = {
			isa = PBXSourcesBuildPhase;
			buildActionMask = 2147483647;
			files = (
			);
			runOnlyForDeploymentPostprocessing = 0;
		};
		000000000000000000000016 /* Sources */ = {
			isa = PBXSourcesBuildPhase;
			buildActionMask = 2147483647;
			files = (
			);
			runOnlyForDeploymentPostprocessing = 0;
		};
/* End PBXSourcesBuildPhase section */

/* Begin PBXTargetDependency section */
		000000000000000000000029 /* PBXTargetDependency */ = {
			isa = PBXTargetDependency;
			target = 000000000000000000000033 /* ReunionActivity */;
			targetProxy = 000000000000000000000028 /* PBXContainerItemProxy */;
		};
		00000000000000000000002B /* PBXTargetDependency */ = {
			isa = PBXTargetDependency;
			target = 000000000000000000000032 /* Reunion */;
			targetProxy = 00000000000000000000002A /* PBXContainerItemProxy */;
		};
/* End PBXTargetDependency section */

/* Begin XCBuildConfiguration section */
		000000000000000000000046 /* Debug */ = {
			isa = XCBuildConfiguration;
			baseConfigurationReference = 000000000000000000000008 /* Base.xcconfig */;
			buildSettings = {
				ASSETCATALOG_COMPILER_APPICON_NAME = AppIcon;
				CODE_SIGN_ENTITLEMENTS = Config/Reunion.entitlements;
				CODE_SIGN_IDENTITY = "Apple Development";
				CODE_SIGN_STYLE = Automatic;
				DEVELOPMENT_TEAM = 6B47X24XTW;
				INFOPLIST_FILE = "Config/App-Info.plist";
				IPHONEOS_DEPLOYMENT_TARGET = 17.0;
				LD_RUNPATH_SEARCH_PATHS = (
					"$(inherited)",
					"@executable_path/Frameworks",
				);
				PRODUCT_BUNDLE_IDENTIFIER = com.reunion.poc;
				PRODUCT_NAME = "$(TARGET_NAME)";
				PROVISIONING_PROFILE_SPECIFIER = "";
				SDKROOT = iphoneos;
				SUPPORTS_MACCATALYST = NO;
				SWIFT_VERSION = 5.0;
				TARGETED_DEVICE_FAMILY = 1;
			};
			name = Debug;
		};
		000000000000000000000047 /* Release */ = {
			isa = XCBuildConfiguration;
			baseConfigurationReference = 000000000000000000000008 /* Base.xcconfig */;
			buildSettings = {
				ASSETCATALOG_COMPILER_APPICON_NAME = AppIcon;
				CODE_SIGN_ENTITLEMENTS = Config/Reunion.entitlements;
				CODE_SIGN_IDENTITY = "Apple Development";
				CODE_SIGN_STYLE = Automatic;
				DEVELOPMENT_TEAM = 6B47X24XTW;
				INFOPLIST_FILE = "Config/App-Info.plist";
				IPHONEOS_DEPLOYMENT_TARGET = 17.0;
				LD_RUNPATH_SEARCH_PATHS = (
					"$(inherited)",
					"@executable_path/Frameworks",
				);
				PRODUCT_BUNDLE_IDENTIFIER = com.reunion.poc;
				PRODUCT_NAME = "$(TARGET_NAME)";
				PROVISIONING_PROFILE_SPECIFIER = "";
				SDKROOT = iphoneos;
				SUPPORTS_MACCATALYST = NO;
				SWIFT_VERSION = 5.0;
				TARGETED_DEVICE_FAMILY = 1;
			};
			name = Release;
		};
		000000000000000000000048 /* Debug */ = {
			isa = XCBuildConfiguration;
			baseConfigurationReference = 000000000000000000000008 /* Base.xcconfig */;
			buildSettings = {
				APPLICATION_EXTENSION_API_ONLY = YES;
				CODE_SIGN_STYLE = Automatic;
				DEVELOPMENT_TEAM = 6B47X24XTW;
				INFOPLIST_FILE = "Config/Widget-Info.plist";
				IPHONEOS_DEPLOYMENT_TARGET = 17.0;
				LD_RUNPATH_SEARCH_PATHS = (
					"$(inherited)",
					"@executable_path/Frameworks",
					"@executable_path/../../Frameworks",
				);
				PRODUCT_BUNDLE_IDENTIFIER = com.reunion.poc.activity;
				PRODUCT_NAME = "$(TARGET_NAME)";
				SDKROOT = iphoneos;
				SKIP_INSTALL = YES;
				SWIFT_VERSION = 5.0;
				TARGETED_DEVICE_FAMILY = 1;
			};
			name = Debug;
		};
		000000000000000000000049 /* Release */ = {
			isa = XCBuildConfiguration;
			baseConfigurationReference = 000000000000000000000008 /* Base.xcconfig */;
			buildSettings = {
				APPLICATION_EXTENSION_API_ONLY = YES;
				CODE_SIGN_STYLE = Automatic;
				DEVELOPMENT_TEAM = 6B47X24XTW;
				INFOPLIST_FILE = "Config/Widget-Info.plist";
				IPHONEOS_DEPLOYMENT_TARGET = 17.0;
				LD_RUNPATH_SEARCH_PATHS = (
					"$(inherited)",
					"@executable_path/Frameworks",
					"@executable_path/../../Frameworks",
				);
				PRODUCT_BUNDLE_IDENTIFIER = com.reunion.poc.activity;
				PRODUCT_NAME = "$(TARGET_NAME)";
				SDKROOT = iphoneos;
				SKIP_INSTALL = YES;
				SWIFT_VERSION = 5.0;
				TARGETED_DEVICE_FAMILY = 1;
			};
			name = Release;
		};
		00000000000000000000004A /* Debug */ = {
			isa = XCBuildConfiguration;
			baseConfigurationReference = 000000000000000000000008 /* Base.xcconfig */;
			buildSettings = {
				CODE_SIGN_STYLE = Automatic;
				DEVELOPMENT_TEAM = 6B47X24XTW;
				GENERATE_INFOPLIST_FILE = YES;
				IPHONEOS_DEPLOYMENT_TARGET = 17.0;
				PRODUCT_BUNDLE_IDENTIFIER = com.reunion.poc.uitests;
				PRODUCT_NAME = "$(TARGET_NAME)";
				SDKROOT = iphoneos;
				SWIFT_VERSION = 5.0;
				TARGETED_DEVICE_FAMILY = 1;
				TEST_TARGET_NAME = Reunion;
			};
			name = Debug;
		};
		00000000000000000000004B /* Release */ = {
			isa = XCBuildConfiguration;
			baseConfigurationReference = 000000000000000000000008 /* Base.xcconfig */;
			buildSettings = {
				CODE_SIGN_STYLE = Automatic;
				DEVELOPMENT_TEAM = 6B47X24XTW;
				GENERATE_INFOPLIST_FILE = YES;
				IPHONEOS_DEPLOYMENT_TARGET = 17.0;
				PRODUCT_BUNDLE_IDENTIFIER = com.reunion.poc.uitests;
				PRODUCT_NAME = "$(TARGET_NAME)";
				SDKROOT = iphoneos;
				SWIFT_VERSION = 5.0;
				TARGETED_DEVICE_FAMILY = 1;
				TEST_TARGET_NAME = Reunion;
			};
			name = Release;
		};
		00000000000000000000004C /* Debug */ = {
			isa = XCBuildConfiguration;
			baseConfigurationReference = 000000000000000000000008 /* Base.xcconfig */;
			buildSettings = {
				CLANG_ENABLE_MODULES = YES;
				CLANG_ENABLE_OBJC_ARC = YES;
				DEBUG_INFORMATION_FORMAT = dwarf;
				ENABLE_TESTABILITY = YES;
				ENABLE_USER_SCRIPT_SANDBOXING = YES;
				IPHONEOS_DEPLOYMENT_TARGET = 17.0;
				ONLY_ACTIVE_ARCH = YES;
				SDKROOT = iphoneos;
				SWIFT_ACTIVE_COMPILATION_CONDITIONS = DEBUG;
				SWIFT_OPTIMIZATION_LEVEL = "-Onone";
				SWIFT_VERSION = 5.0;
				TARGETED_DEVICE_FAMILY = 1;
			};
			name = Debug;
		};
		00000000000000000000004D /* Release */ = {
			isa = XCBuildConfiguration;
			baseConfigurationReference = 000000000000000000000008 /* Base.xcconfig */;
			buildSettings = {
				CLANG_ENABLE_MODULES = YES;
				CLANG_ENABLE_OBJC_ARC = YES;
				DEBUG_INFORMATION_FORMAT = "dwarf-with-dsym";
				ENABLE_USER_SCRIPT_SANDBOXING = YES;
				IPHONEOS_DEPLOYMENT_TARGET = 17.0;
				SDKROOT = iphoneos;
				SWIFT_COMPILATION_MODE = wholemodule;
				SWIFT_VERSION = 5.0;
				TARGETED_DEVICE_FAMILY = 1;
			};
			name = Release;
		};
/* End XCBuildConfiguration section */

/* Begin XCConfigurationList section */
		00000000000000000000003C /* Build configuration list for PBXNativeTarget "Reunion" */ = {
			isa = XCConfigurationList;
			buildConfigurations = (
				000000000000000000000046 /* Debug */,
				000000000000000000000047 /* Release */,
			);
			defaultConfigurationIsVisible = 0;
			defaultConfigurationName = Release;
		};
		00000000000000000000003D /* Build configuration list for PBXNativeTarget "ReunionActivity" */ = {
			isa = XCConfigurationList;
			buildConfigurations = (
				000000000000000000000048 /* Debug */,
				000000000000000000000049 /* Release */,
			);
			defaultConfigurationIsVisible = 0;
			defaultConfigurationName = Release;
		};
		00000000000000000000003E /* Build configuration list for PBXNativeTarget "ReunionUITests" */ = {
			isa = XCConfigurationList;
			buildConfigurations = (
				00000000000000000000004A /* Debug */,
				00000000000000000000004B /* Release */,
			);
			defaultConfigurationIsVisible = 0;
			defaultConfigurationName = Release;
		};
		00000000000000000000003F /* Build configuration list for PBXProject "Reunion" */ = {
			isa = XCConfigurationList;
			buildConfigurations = (
				00000000000000000000004C /* Debug */,
				00000000000000000000004D /* Release */,
			);
			defaultConfigurationIsVisible = 0;
			defaultConfigurationName = Release;
		};
/* End XCConfigurationList section */

/* Begin XCRemoteSwiftPackageReference section */
		000000000000000000000021 /* XCRemoteSwiftPackageReference "ios-maps-sdk" */ = {
			isa = XCRemoteSwiftPackageReference;
			repositoryURL = "https://github.com/googlemaps/ios-maps-sdk";
			requirement = {
				kind = exactVersion;
				version = 11.1.0;
			};
		};
/* End XCRemoteSwiftPackageReference section */

/* Begin XCSwiftPackageProductDependency section */
		000000000000000000000020 /* GoogleMaps */ = {
			isa = XCSwiftPackageProductDependency;
			package = 000000000000000000000021 /* XCRemoteSwiftPackageReference "ios-maps-sdk" */;
			productName = GoogleMaps;
		};
/* End XCSwiftPackageProductDependency section */
	};
	rootObject = 000000000000000000000064 /* Project object */;
}
